
Microsoft Visual Studio Solution File, Format Version 12.00
# Visual Studio 15
VisualStudioVersion = 15.0.28010.2016
MinimumVisualStudioVersion = 10.0.40219.1
Project("{FAE04EC0-301F-11D3-BF4B-00C04F79EFBC}") = "ZuoYe1", "ZuoYe1\ZuoYe1.csproj", "{5369E8C6-BBE7-4060-A06C-A1D6CAF7DDA8}"
EndProject
Project("{FAE04EC0-301F-11D3-BF4B-00C04F79EFBC}") = "ObjecRelation", "ObjecRelation\ObjecRelation.csproj", "{339CA39B-6AAE-4B60-9C83-B7619401D1D7}"
EndProject
Global
	GlobalSection(SolutionConfigurationPlatforms) = preSolution
		Debug|Any CPU = Debug|Any CPU
		Release|Any CPU = Release|Any CPU
	EndGlobalSection
	GlobalSection(ProjectConfigurationPlatforms) = postSolution
		{5369E8C6-BBE7-4060-A06C-A1D6CAF7DDA8}.Debug|Any CPU.ActiveCfg = Debug|Any CPU
		{5369E8C6-BBE7-4060-A06C-A1D6CAF7DDA8}.Debug|Any CPU.Build.0 = Debug|Any CPU
		{5369E8C6-BBE7-4060-A06C-A1D6CAF7DDA8}.Release|Any CPU.ActiveCfg = Release|Any CPU
		{5369E8C6-BBE7-4060-A06C-A1D6CAF7DDA8}.Release|Any CPU.Build.0 = Release|Any CPU
		{339CA39B-6AAE-4B60-9C83-B7619401D1D7}.Debug|Any CPU.ActiveCfg = Debug|Any CPU
		{339CA39B-6AAE-4B60-9C83-B7619401D1D7}.Debug|Any CPU.Build.0 = Debug|Any CPU
		{339CA39B-6AAE-4B60-9C83-B7619401D1D7}.Release|Any CPU.ActiveCfg = Release|Any CPU
		{339CA39B-6AAE-4B60-9C83-B7619401D1D7}.Release|Any CPU.Build.0 = Release|Any CPU
	EndGlobalSection
	GlobalSection(SolutionProperties) = preSolution
		HideSolutionNode = FALSE
	EndGlobalSection
	GlobalSection(ExtensibilityGlobals) = postSolution
		SolutionGuid = {8158F23C-1DC7-495A-B4FA-D4C81828A0B7}
	EndGlobalSection
EndGlobal
